
Microsoft Visual Studio Solution File, Format Version 12.00
# Visual Studio Version 17
VisualStudioVersion = 17.3.32819.101
MinimumVisualStudioVersion = 10.0.40219.1
Project("{FAE04EC0-301F-11D3-BF4B-00C04F79EFBC}") = "RentACar", "RentACar\RentACar.csproj", "{78D5DED5-11D6-4AF2-A0AC-78CB4B448C09}"
EndProject
Project("{FAE04EC0-301F-11D3-BF4B-00C04F79EFBC}") = "RestACar.Tests", "RestACar.Tests\RestACar.Tests.csproj", "{984D6A0B-D594-4709-9A99-605AD1903B65}"
EndProject
Global
	GlobalSection(SolutionConfigurationPlatforms) = preSolution
		Debug|Any CPU = Debug|Any CPU
		Release|Any CPU = Release|Any CPU
	EndGlobalSection
	GlobalSection(ProjectConfigurationPlatforms) = postSolution
		{78D5DED5-11D6-4AF2-A0AC-78CB4B448C09}.Debug|Any CPU.ActiveCfg = Debug|Any CPU
		{78D5DED5-11D6-4AF2-A0AC-78CB4B448C09}.Debug|Any CPU.Build.0 = Debug|Any CPU
		{78D5DED5-11D6-4AF2-A0AC-78CB4B448C09}.Release|Any CPU.ActiveCfg = Release|Any CPU
		{78D5DED5-11D6-4AF2-A0AC-78CB4B448C09}.Release|Any CPU.Build.0 = Release|Any CPU
		{984D6A0B-D594-4709-9A99-605AD1903B65}.Debug|Any CPU.ActiveCfg = Debug|Any CPU
		{984D6A0B-D594-4709-9A99-605AD1903B65}.Debug|Any CPU.Build.0 = Debug|Any CPU
		{984D6A0B-D594-4709-9A99-605AD1903B65}.Release|Any CPU.ActiveCfg = Release|Any CPU
		{984D6A0B-D594-4709-9A99-605AD1903B65}.Release|Any CPU.Build.0 = Release|Any CPU
	EndGlobalSection
	GlobalSection(SolutionProperties) = preSolution
		HideSolutionNode = FALSE
	EndGlobalSection
	GlobalSection(ExtensibilityGlobals) = postSolution
		SolutionGuid = {34720DBB-846D-40E1-BF06-E6C67AED8AD3}
	EndGlobalSection
EndGlobal
